
Microsoft Visual Studio Solution File, Format Version 12.00
# Visual Studio 14
VisualStudioVersion = 14.0.25420.1
MinimumVisualStudioVersion = 10.0.40219.1
Project("{FAE04EC0-301F-11D3-BF4B-00C04F79EFBC}") = "Metric.Conversion.Core", "Metric.Conversion.Core\Metric.Conversion.Core.csproj", "{913985DA-8A09-49A6-AA22-B24F6509CEE1}"
EndProject
Project("{FAE04EC0-301F-11D3-BF4B-00C04F79EFBC}") = "Metric.Conversion.System.Tests", "Metric.Conversion.System.Tests\Metric.Conversion.System.Tests.csproj", "{81794EDD-3779-4484-AB2B-DFB4B6EED545}"
EndProject
Project("{FAE04EC0-301F-11D3-BF4B-00C04F79EFBC}") = "SpecflowSystemTests", "UnitTestProject1\SpecflowSystemTests.csproj", "{D9FC9A5F-2E85-485E-BDF5-14F19B27E6AC}"
EndProject
Global
	GlobalSection(SolutionConfigurationPlatforms) = preSolution
		Debug|Any CPU = Debug|Any CPU
		Release|Any CPU = Release|Any CPU
	EndGlobalSection
	GlobalSection(ProjectConfigurationPlatforms) = postSolution
		{913985DA-8A09-49A6-AA22-B24F6509CEE1}.Debug|Any CPU.ActiveCfg = Debug|Any CPU
		{913985DA-8A09-49A6-AA22-B24F6509CEE1}.Debug|Any CPU.Build.0 = Debug|Any CPU
		{913985DA-8A09-49A6-AA22-B24F6509CEE1}.Release|Any CPU.ActiveCfg = Release|Any CPU
		{913985DA-8A09-49A6-AA22-B24F6509CEE1}.Release|Any CPU.Build.0 = Release|Any CPU
		{81794EDD-3779-4484-AB2B-DFB4B6EED545}.Debug|Any CPU.ActiveCfg = Debug|Any CPU
		{81794EDD-3779-4484-AB2B-DFB4B6EED545}.Debug|Any CPU.Build.0 = Debug|Any CPU
		{81794EDD-3779-4484-AB2B-DFB4B6EED545}.Release|Any CPU.ActiveCfg = Release|Any CPU
		{81794EDD-3779-4484-AB2B-DFB4B6EED545}.Release|Any CPU.Build.0 = Release|Any CPU
		{D9FC9A5F-2E85-485E-BDF5-14F19B27E6AC}.Debug|Any CPU.ActiveCfg = Debug|Any CPU
		{D9FC9A5F-2E85-485E-BDF5-14F19B27E6AC}.Debug|Any CPU.Build.0 = Debug|Any CPU
		{D9FC9A5F-2E85-485E-BDF5-14F19B27E6AC}.Release|Any CPU.ActiveCfg = Release|Any CPU
		{D9FC9A5F-2E85-485E-BDF5-14F19B27E6AC}.Release|Any CPU.Build.0 = Release|Any CPU
	EndGlobalSection
	GlobalSection(SolutionProperties) = preSolution
		HideSolutionNode = FALSE
	EndGlobalSection
EndGlobal
